
Microsoft Visual Studio Solution File, Format Version 12.00
# Visual Studio 14
VisualStudioVersion = 14.0.25420.1
MinimumVisualStudioVersion = 10.0.40219.1
Project("{FAE04EC0-301F-11D3-BF4B-00C04F79EFBC}") = "AOS", "AOS\AOS.csproj", "{1A513C28-B672-4F5A-8383-B50443191657}"
EndProject
Project("{FAE04EC0-301F-11D3-BF4B-00C04F79EFBC}") = "AOS.Tests", "AOS.Tests\AOS.Tests.csproj", "{5CE143F2-609D-475A-9311-42B766EE3C64}"
EndProject
Global
	GlobalSection(SolutionConfigurationPlatforms) = preSolution
		Debug|Any CPU = Debug|Any CPU
		Release|Any CPU = Release|Any CPU
	EndGlobalSection
	GlobalSection(ProjectConfigurationPlatforms) = postSolution
		{1A513C28-B672-4F5A-8383-B50443191657}.Debug|Any CPU.ActiveCfg = Debug|Any CPU
		{1A513C28-B672-4F5A-8383-B50443191657}.Debug|Any CPU.Build.0 = Debug|Any CPU
		{1A513C28-B672-4F5A-8383-B50443191657}.Release|Any CPU.ActiveCfg = Release|Any CPU
		{1A513C28-B672-4F5A-8383-B50443191657}.Release|Any CPU.Build.0 = Release|Any CPU
		{5CE143F2-609D-475A-9311-42B766EE3C64}.Debug|Any CPU.ActiveCfg = Debug|Any CPU
		{5CE143F2-609D-475A-9311-42B766EE3C64}.Debug|Any CPU.Build.0 = Debug|Any CPU
		{5CE143F2-609D-475A-9311-42B766EE3C64}.Release|Any CPU.ActiveCfg = Release|Any CPU
		{5CE143F2-609D-475A-9311-42B766EE3C64}.Release|Any CPU.Build.0 = Release|Any CPU
	EndGlobalSection
	GlobalSection(SolutionProperties) = preSolution
		HideSolutionNode = FALSE
	EndGlobalSection
EndGlobal
